
Microsoft Visual Studio Solution File, Format Version 12.00
# Visual Studio Version 17
VisualStudioVersion = 17.3.32825.248
MinimumVisualStudioVersion = 10.0.40219.1
Project("{9A19103F-16F7-4668-BE54-9A1E7A4F7556}") = "Personregister.WebAPI", "Personregister.WebAPI\Personregister.WebAPI.csproj", "{A8AC3795-AA05-400F-B35C-45EC0B2125BD}"
EndProject
Project("{2150E333-8FDC-42A3-9474-1A3956D46DE8}") = "docker", "docker", "{3A12698C-ADD2-4AD8-A0D7-F65D9E0C3010}"
	ProjectSection(SolutionItems) = preProject
		docker\Docker-compose.yml = docker\Docker-compose.yml
	EndProjectSection
EndProject
Project("{9A19103F-16F7-4668-BE54-9A1E7A4F7556}") = "Personregister.Domene", "Personregister.Domene\Personregister.Domene.csproj", "{01EBFE9C-B686-4161-9728-F8847D930D27}"
EndProject
Project("{9A19103F-16F7-4668-BE54-9A1E7A4F7556}") = "Personregister.Infrastructure.Persistence", "Personregister.Infrastructure.Persistence\Personregister.Infrastructure.Persistence.csproj", "{3D024994-B83F-4E1B-B521-4A86EA5D6CE0}"
EndProject
Project("{9A19103F-16F7-4668-BE54-9A1E7A4F7556}") = "Personregister.Application", "Personregister.Application\Personregister.Application.csproj", "{9220A930-9834-46AC-8995-5BF651509E12}"
EndProject
Project("{9A19103F-16F7-4668-BE54-9A1E7A4F7556}") = "Personregister.Application.Test", "Personregister.Application.Test\Personregister.Application.Test.csproj", "{07BF2F69-6D86-41FA-B607-AC85673D7654}"
EndProject
Project("{9A19103F-16F7-4668-BE54-9A1E7A4F7556}") = "Personregister.Infrastructure.Persistence.Test", "Personregister.Infrastructure.Persistence.Test\Personregister.Infrastructure.Persistence.Test.csproj", "{2C5AC575-7392-4DAD-9707-08C23E95A176}"
EndProject
Project("{FAE04EC0-301F-11D3-BF4B-00C04F79EFBC}") = "Personregister.Client", "Personregister.Client\Personregister.Client.csproj", "{A31FF9A2-1CA2-4262-97F0-E64867FD3507}"
EndProject
Project("{FAE04EC0-301F-11D3-BF4B-00C04F79EFBC}") = "Personregister.DTO", "Personregister.DTO\Personregister.DTO.csproj", "{598B813A-3C43-4C46-AA45-891F758BC339}"
EndProject
Global
	GlobalSection(SolutionConfigurationPlatforms) = preSolution
		Debug|Any CPU = Debug|Any CPU
		Release|Any CPU = Release|Any CPU
	EndGlobalSection
	GlobalSection(ProjectConfigurationPlatforms) = postSolution
		{A8AC3795-AA05-400F-B35C-45EC0B2125BD}.Debug|Any CPU.ActiveCfg = Debug|Any CPU
		{A8AC3795-AA05-400F-B35C-45EC0B2125BD}.Debug|Any CPU.Build.0 = Debug|Any CPU
		{A8AC3795-AA05-400F-B35C-45EC0B2125BD}.Release|Any CPU.ActiveCfg = Release|Any CPU
		{A8AC3795-AA05-400F-B35C-45EC0B2125BD}.Release|Any CPU.Build.0 = Release|Any CPU
		{01EBFE9C-B686-4161-9728-F8847D930D27}.Debug|Any CPU.ActiveCfg = Debug|Any CPU
		{01EBFE9C-B686-4161-9728-F8847D930D27}.Debug|Any CPU.Build.0 = Debug|Any CPU
		{01EBFE9C-B686-4161-9728-F8847D930D27}.Release|Any CPU.ActiveCfg = Release|Any CPU
		{01EBFE9C-B686-4161-9728-F8847D930D27}.Release|Any CPU.Build.0 = Release|Any CPU
		{3D024994-B83F-4E1B-B521-4A86EA5D6CE0}.Debug|Any CPU.ActiveCfg = Debug|Any CPU
		{3D024994-B83F-4E1B-B521-4A86EA5D6CE0}.Debug|Any CPU.Build.0 = Debug|Any CPU
		{3D024994-B83F-4E1B-B521-4A86EA5D6CE0}.Release|Any CPU.ActiveCfg = Release|Any CPU
		{3D024994-B83F-4E1B-B521-4A86EA5D6CE0}.Release|Any CPU.Build.0 = Release|Any CPU
		{9220A930-9834-46AC-8995-5BF651509E12}.Debug|Any CPU.ActiveCfg = Debug|Any CPU
		{9220A930-9834-46AC-8995-5BF651509E12}.Debug|Any CPU.Build.0 = Debug|Any CPU
		{9220A930-9834-46AC-8995-5BF651509E12}.Release|Any CPU.ActiveCfg = Release|Any CPU
		{9220A930-9834-46AC-8995-5BF651509E12}.Release|Any CPU.Build.0 = Release|Any CPU
		{07BF2F69-6D86-41FA-B607-AC85673D7654}.Debug|Any CPU.ActiveCfg = Debug|Any CPU
		{07BF2F69-6D86-41FA-B607-AC85673D7654}.Debug|Any CPU.Build.0 = Debug|Any CPU
		{07BF2F69-6D86-41FA-B607-AC85673D7654}.Release|Any CPU.ActiveCfg = Release|Any CPU
		{07BF2F69-6D86-41FA-B607-AC85673D7654}.Release|Any CPU.Build.0 = Release|Any CPU
		{2C5AC575-7392-4DAD-9707-08C23E95A176}.Debug|Any CPU.ActiveCfg = Debug|Any CPU
		{2C5AC575-7392-4DAD-9707-08C23E95A176}.Debug|Any CPU.Build.0 = Debug|Any CPU
		{2C5AC575-7392-4DAD-9707-08C23E95A176}.Release|Any CPU.ActiveCfg = Release|Any CPU
		{2C5AC575-7392-4DAD-9707-08C23E95A176}.Release|Any CPU.Build.0 = Release|Any CPU
		{A31FF9A2-1CA2-4262-97F0-E64867FD3507}.Debug|Any CPU.ActiveCfg = Debug|Any CPU
		{A31FF9A2-1CA2-4262-97F0-E64867FD3507}.Debug|Any CPU.Build.0 = Debug|Any CPU
		{A31FF9A2-1CA2-4262-97F0-E64867FD3507}.Release|Any CPU.ActiveCfg = Release|Any CPU
		{A31FF9A2-1CA2-4262-97F0-E64867FD3507}.Release|Any CPU.Build.0 = Release|Any CPU
		{598B813A-3C43-4C46-AA45-891F758BC339}.Debug|Any CPU.ActiveCfg = Debug|Any CPU
		{598B813A-3C43-4C46-AA45-891F758BC339}.Debug|Any CPU.Build.0 = Debug|Any CPU
		{598B813A-3C43-4C46-AA45-891F758BC339}.Release|Any CPU.ActiveCfg = Release|Any CPU
		{598B813A-3C43-4C46-AA45-891F758BC339}.Release|Any CPU.Build.0 = Release|Any CPU
	EndGlobalSection
	GlobalSection(SolutionProperties) = preSolution
		HideSolutionNode = FALSE
	EndGlobalSection
	GlobalSection(ExtensibilityGlobals) = postSolution
		SolutionGuid = {0CFF9B80-933A-4353-91AD-C0CF3C5EC305}
	EndGlobalSection
EndGlobal
