
Microsoft Visual Studio Solution File, Format Version 12.00
# Visual Studio Version 17
VisualStudioVersion = 17.3.32825.248
MinimumVisualStudioVersion = 10.0.40219.1
Project("{9A19103F-16F7-4668-BE54-9A1E7A4F7556}") = "Personregister.WebAPI", "Personregister.WebAPI\Personregister.WebAPI.csproj", "{A8AC3795-AA05-400F-B35C-45EC0B2125BD}"
EndProject
Project("{2150E333-8FDC-42A3-9474-1A3956D46DE8}") = "docker", "docker", "{3A12698C-ADD2-4AD8-A0D7-F65D9E0C3010}"
	ProjectSection(SolutionItems) = preProject
		docker\Docker-compose.yml = docker\Docker-compose.yml
	EndProjectSection
EndProject
Global
	GlobalSection(SolutionConfigurationPlatforms) = preSolution
		Debug|Any CPU = Debug|Any CPU
		Release|Any CPU = Release|Any CPU
	EndGlobalSection
	GlobalSection(ProjectConfigurationPlatforms) = postSolution
		{A8AC3795-AA05-400F-B35C-45EC0B2125BD}.Debug|Any CPU.ActiveCfg = Debug|Any CPU
		{A8AC3795-AA05-400F-B35C-45EC0B2125BD}.Debug|Any CPU.Build.0 = Debug|Any CPU
		{A8AC3795-AA05-400F-B35C-45EC0B2125BD}.Release|Any CPU.ActiveCfg = Release|Any CPU
		{A8AC3795-AA05-400F-B35C-45EC0B2125BD}.Release|Any CPU.Build.0 = Release|Any CPU
	EndGlobalSection
	GlobalSection(SolutionProperties) = preSolution
		HideSolutionNode = FALSE
	EndGlobalSection
	GlobalSection(ExtensibilityGlobals) = postSolution
		SolutionGuid = {0CFF9B80-933A-4353-91AD-C0CF3C5EC305}
	EndGlobalSection
EndGlobal
